// !$*UTF8*$!
{
	archiveVersion = 1;
	classes = {
	};
	objectVersion = 50;
	objects = {

/* Begin PBXBuildFile section */
		22E73AE124B8ABA40021DB56 /* Assets.xcassets in Resources */ = {isa = PBXBuildFile; fileRef = 22E73AE024B8ABA40021DB56 /* Assets.xcassets */; };
		22E73AE424B8ABA40021DB56 /* Main.storyboard in Resources */ = {isa = PBXBuildFile; fileRef = 22E73AE224B8ABA40021DB56 /* Main.storyboard */; };
		22E73AEF24B8AC480021DB56 /* Main.cpp in Sources */ = {isa = PBXBuildFile; fileRef = 22E73AEE24B8AC480021DB56 /* Main.cpp */; };
		FE607579AB215C38E3B57240 /* Pods_ElementColumn.framework in Frameworks */ = {isa = PBXBuildFile; fileRef = 4E577B0B5A91E07E945704F6 /* Pods_ElementColumn.framework */; };
/* End PBXBuildFile section */

/* Begin PBXFileReference section */
		22E73AD724B8AB9D0021DB56 /* ElementColumn.app */ = {isa = PBXFileReference; explicitFileType = wrapper.application; includeInIndex = 0; path = ElementColumn.app; sourceTree = BUILT_PRODUCTS_DIR; };
		22E73AE024B8ABA40021DB56 /* Assets.xcassets */ = {isa = PBXFileReference; lastKnownFileType = folder.assetcatalog; path = Assets.xcassets; sourceTree = "<group>"; };
		22E73AE324B8ABA40021DB56 /* Base */ = {isa = PBXFileReference; lastKnownFileType = file.storyboard; name = Base; path = Base.lproj/Main.storyboard; sourceTree = "<group>"; };
		22E73AE524B8ABA40021DB56 /* Info.plist */ = {isa = PBXFileReference; lastKnownFileType = text.plist.xml; path = Info.plist; sourceTree = "<group>"; };
		22E73AE824B8ABA40021DB56 /* ElementColumn.entitlements */ = {isa = PBXFileReference; lastKnownFileType = text.plist.entitlements; path = ElementColumn.entitlements; sourceTree = "<group>"; };
		22E73AEE24B8AC480021DB56 /* Main.cpp */ = {isa = PBXFileReference; lastKnownFileType = sourcecode.cpp.cpp; path = Main.cpp; sourceTree = "<group>"; };
		4E577B0B5A91E07E945704F6 /* Pods_ElementColumn.framework */ = {isa = PBXFileReference; explicitFileType = wrapper.framework; includeInIndex = 0; path = Pods_ElementColumn.framework; sourceTree = BUILT_PRODUCTS_DIR; };
		82E4763564933F03FBB00699 /* Pods-ElementColumn.release.xcconfig */ = {isa = PBXFileReference; includeInIndex = 1; lastKnownFileType = text.xcconfig; name = "Pods-ElementColumn.release.xcconfig"; path = "Target Support Files/Pods-ElementColumn/Pods-ElementColumn.release.xcconfig"; sourceTree = "<group>"; };
		840640D03C312F56A1F4FA2D /* Pods-ElementColumn.debug.xcconfig */ = {isa = PBXFileReference; includeInIndex = 1; lastKnownFileType = text.xcconfig; name = "Pods-ElementColumn.debug.xcconfig"; path = "Target Support Files/Pods-ElementColumn/Pods-ElementColumn.debug.xcconfig"; sourceTree = "<group>"; };
/* End PBXFileReference section */

/* Begin PBXFrameworksBuildPhase section */
		22E73AD424B8AB9D0021DB56 /* Frameworks */ = {
			isa = PBXFrameworksBuildPhase;
			buildActionMask = 2147483647;
			files = (
				FE607579AB215C38E3B57240 /* Pods_ElementColumn.framework in Frameworks */,
			);
			runOnlyForDeploymentPostprocessing = 0;
		};
/* End PBXFrameworksBuildPhase section */

/* Begin PBXGroup section */
		22E73ACE24B8AB9D0021DB56 = {
			isa = PBXGroup;
			children = (
				22E73AD924B8AB9D0021DB56 /* ElementColumn */,
				22E73AD824B8AB9D0021DB56 /* Products */,
				B9DD17C04BD7487CB3A11BAD /* Pods */,
				9F70C1D8DA50E70969034A3C /* Frameworks */,
			);
			sourceTree = "<group>";
		};
		22E73AD824B8AB9D0021DB56 /* Products */ = {
			isa = PBXGroup;
			children = (
				22E73AD724B8AB9D0021DB56 /* ElementColumn.app */,
			);
			name = Products;
			sourceTree = "<group>";
		};
		22E73AD924B8AB9D0021DB56 /* ElementColumn */ = {
			isa = PBXGroup;
			children = (
				22E73AE024B8ABA40021DB56 /* Assets.xcassets */,
				22E73AE224B8ABA40021DB56 /* Main.storyboard */,
				22E73AE524B8ABA40021DB56 /* Info.plist */,
				22E73AEE24B8AC480021DB56 /* Main.cpp */,
				22E73AE824B8ABA40021DB56 /* ElementColumn.entitlements */,
			);
			path = ElementColumn;
			sourceTree = "<group>";
		};
		9F70C1D8DA50E70969034A3C /* Frameworks */ = {
			isa = PBXGroup;
			children = (
				4E577B0B5A91E07E945704F6 /* Pods_ElementColumn.framework */,
			);
			name = Frameworks;
			sourceTree = "<group>";
		};
		B9DD17C04BD7487CB3A11BAD /* Pods */ = {
			isa = PBXGroup;
			children = (
				840640D03C312F56A1F4FA2D /* Pods-ElementColumn.debug.xcconfig */,
				82E4763564933F03FBB00699 /* Pods-ElementColumn.release.xcconfig */,
			);
			path = Pods;
			sourceTree = "<group>";
		};
/* End PBXGroup section */

/* Begin PBXNativeTarget section */
		22E73AD624B8AB9D0021DB56 /* ElementColumn */ = {
			isa = PBXNativeTarget;
			buildConfigurationList = 22E73AEB24B8ABA40021DB56 /* Build configuration list for PBXNativeTarget "ElementColumn" */;
			buildPhases = (
				A872E16A717756F5E08D676F /* [CP] Check Pods Manifest.lock */,
				22E73AD324B8AB9D0021DB56 /* Sources */,
				22E73AD424B8AB9D0021DB56 /* Frameworks */,
				22E73AD524B8AB9D0021DB56 /* Resources */,
			);
			buildRules = (
			);
			dependencies = (
			);
			name = ElementColumn;
			productName = ElementColumn;
			productReference = 22E73AD724B8AB9D0021DB56 /* ElementColumn.app */;
			productType = "com.apple.product-type.application";
		};
/* End PBXNativeTarget section */

/* Begin PBXProject section */
		22E73ACF24B8AB9D0021DB56 /* Project object */ = {
			isa = PBXProject;
			attributes = {
				LastUpgradeCheck = 1150;
				ORGANIZATIONNAME = "Charles Mac Pro";
				TargetAttributes = {
					22E73AD624B8AB9D0021DB56 = {
						CreatedOnToolsVersion = 11.5;
					};
				};
			};
			buildConfigurationList = 22E73AD224B8AB9D0021DB56 /* Build configuration list for PBXProject "ElementColumn" */;
			compatibilityVersion = "Xcode 9.3";
			developmentRegion = en;
			hasScannedForEncodings = 0;
			knownRegions = (
				en,
				Base,
			);
			mainGroup = 22E73ACE24B8AB9D0021DB56;
			productRefGroup = 22E73AD824B8AB9D0021DB56 /* Products */;
			projectDirPath = "";
			projectRoot = "";
			targets = (
				22E73AD624B8AB9D0021DB56 /* ElementColumn */,
			);
		};
/* End PBXProject section */

/* Begin PBXResourcesBuildPhase section */
		22E73AD524B8AB9D0021DB56 /* Resources */ = {
			isa = PBXResourcesBuildPhase;
			buildActionMask = 2147483647;
			files = (
				22E73AE124B8ABA40021DB56 /* Assets.xcassets in Resources */,
				22E73AE424B8ABA40021DB56 /* Main.storyboard in Resources */,
			);
			runOnlyForDeploymentPostprocessing = 0;
		};
/* End PBXResourcesBuildPhase section */

/* Begin PBXShellScriptBuildPhase section */
		A872E16A717756F5E08D676F /* [CP] Check Pods Manifest.lock */ = {
			isa = PBXShellScriptBuildPhase;
			buildActionMask = 2147483647;
			files = (
			);
			inputFileListPaths = (
			);
			inputPaths = (
				"${PODS_PODFILE_DIR_PATH}/Podfile.lock",
				"${PODS_ROOT}/Manifest.lock",
			);
			name = "[CP] Check Pods Manifest.lock";
			outputFileListPaths = (
			);
			outputPaths = (
				"$(DERIVED_FILE_DIR)/Pods-ElementColumn-checkManifestLockResult.txt",
			);
			runOnlyForDeploymentPostprocessing = 0;
			shellPath = /bin/sh;
			shellScript = "diff \"${PODS_PODFILE_DIR_PATH}/Podfile.lock\" \"${PODS_ROOT}/Manifest.lock\" > /dev/null\nif [ $? != 0 ] ; then\n    # print error to STDERR\n    echo \"error: The sandbox is not in sync with the Podfile.lock. Run 'pod install' or update your CocoaPods installation.\" >&2\n    exit 1\nfi\n# This output is used by Xcode 'outputs' to avoid re-running this script phase.\necho \"SUCCESS\" > \"${SCRIPT_OUTPUT_FILE_0}\"\n";
			showEnvVarsInLog = 0;
		};
/* End PBXShellScriptBuildPhase section */

/* Begin PBXSourcesBuildPhase section */
		22E73AD324B8AB9D0021DB56 /* Sources */ = {
			isa = PBXSourcesBuildPhase;
			buildActionMask = 2147483647;
			files = (
				22E73AEF24B8AC480021DB56 /* Main.cpp in Sources */,
			);
			runOnlyForDeploymentPostprocessing = 0;
		};
/* End PBXSourcesBuildPhase section */

/* Begin PBXVariantGroup section */
		22E73AE224B8ABA40021DB56 /* Main.storyboard */ = {
			isa = PBXVariantGroup;
			children = (
				22E73AE324B8ABA40021DB56 /* Base */,
			);
			name = Main.storyboard;
			sourceTree = "<group>";
		};
/* End PBXVariantGroup section */

/* Begin XCBuildConfiguration section */
		22E73AE924B8ABA40021DB56 /* Debug */ = {
			isa = XCBuildConfiguration;
			buildSettings = {
				ALWAYS_SEARCH_USER_PATHS = NO;
				CLANG_ANALYZER_NONNULL = YES;
				CLANG_ANALYZER_NUMBER_OBJECT_CONVERSION = YES_AGGRESSIVE;
				CLANG_CXX_LANGUAGE_STANDARD = "gnu++14";
				CLANG_CXX_LIBRARY = "libc++";
				CLANG_ENABLE_MODULES = YES;
				CLANG_ENABLE_OBJC_ARC = YES;
				CLANG_ENABLE_OBJC_WEAK = YES;
				CLANG_WARN_BLOCK_CAPTURE_AUTORELEASING = YES;
				CLANG_WARN_BOOL_CONVERSION = YES;
				CLANG_WARN_COMMA = YES;
				CLANG_WARN_CONSTANT_CONVERSION = YES;
				CLANG_WARN_DEPRECATED_OBJC_IMPLEMENTATIONS = YES;
				CLANG_WARN_DIRECT_OBJC_ISA_USAGE = YES_ERROR;
				CLANG_WARN_DOCUMENTATION_COMMENTS = YES;
				CLANG_WARN_EMPTY_BODY = YES;
				CLANG_WARN_ENUM_CONVERSION = YES;
				CLANG_WARN_INFINITE_RECURSION = YES;
				CLANG_WARN_INT_CONVERSION = YES;
				CLANG_WARN_NON_LITERAL_NULL_CONVERSION = YES;
				CLANG_WARN_OBJC_IMPLICIT_RETAIN_SELF = YES;
				CLANG_WARN_OBJC_LITERAL_CONVERSION = YES;
				CLANG_WARN_OBJC_ROOT_CLASS = YES_ERROR;
				CLANG_WARN_RANGE_LOOP_ANALYSIS = YES;
				CLANG_WARN_STRICT_PROTOTYPES = YES;
				CLANG_WARN_SUSPICIOUS_MOVE = YES;
				CLANG_WARN_UNGUARDED_AVAILABILITY = YES_AGGRESSIVE;
				CLANG_WARN_UNREACHABLE_CODE = YES;
				CLANG_WARN__DUPLICATE_METHOD_MATCH = YES;
				COPY_PHASE_STRIP = NO;
				DEBUG_INFORMATION_FORMAT = dwarf;
				ENABLE_STRICT_OBJC_MSGSEND = YES;
				ENABLE_TESTABILITY = YES;
				GCC_C_LANGUAGE_STANDARD = gnu11;
				GCC_DYNAMIC_NO_PIC = NO;
				GCC_NO_COMMON_BLOCKS = YES;
				GCC_OPTIMIZATION_LEVEL = 0;
				GCC_PREPROCESSOR_DEFINITIONS = (
					"DEBUG=1",
					"$(inherited)",
				);
				GCC_WARN_64_TO_32_BIT_CONVERSION = YES;
				GCC_WARN_ABOUT_RETURN_TYPE = YES_ERROR;
				GCC_WARN_UNDECLARED_SELECTOR = YES;
				GCC_WARN_UNINITIALIZED_AUTOS = YES_AGGRESSIVE;
				GCC_WARN_UNUSED_FUNCTION = YES;
				GCC_WARN_UNUSED_VARIABLE = YES;
				MACOSX_DEPLOYMENT_TARGET = 10.15;
				MTL_ENABLE_DEBUG_INFO = INCLUDE_SOURCE;
				MTL_FAST_MATH = YES;
				ONLY_ACTIVE_ARCH = YES;
				SDKROOT = macosx;
			};
			name = Debug;
		};
		22E73AEA24B8ABA40021DB56 /* Release */ = {
			isa = XCBuildConfiguration;
			buildSettings = {
				ALWAYS_SEARCH_USER_PATHS = NO;
				CLANG_ANALYZER_NONNULL = YES;
				CLANG_ANALYZER_NUMBER_OBJECT_CONVERSION = YES_AGGRESSIVE;
				CLANG_CXX_LANGUAGE_STANDARD = "gnu++14";
				CLANG_CXX_LIBRARY = "libc++";
				CLANG_ENABLE_MODULES = YES;
				CLANG_ENABLE_OBJC_ARC = YES;
				CLANG_ENABLE_OBJC_WEAK = YES;
				CLANG_WARN_BLOCK_CAPTURE_AUTORELEASING = YES;
				CLANG_WARN_BOOL_CONVERSION = YES;
				CLANG_WARN_COMMA = YES;
				CLANG_WARN_CONSTANT_CONVERSION = YES;
				CLANG_WARN_DEPRECATED_OBJC_IMPLEMENTATIONS = YES;
				CLANG_WARN_DIRECT_OBJC_ISA_USAGE = YES_ERROR;
				CLANG_WARN_DOCUMENTATION_COMMENTS = YES;
				CLANG_WARN_EMPTY_BODY = YES;
				CLANG_WARN_ENUM_CONVERSION = YES;
				CLANG_WARN_INFINITE_RECURSION = YES;
				CLANG_WARN_INT_CONVERSION = YES;
				CLANG_WARN_NON_LITERAL_NULL_CONVERSION = YES;
				CLANG_WARN_OBJC_IMPLICIT_RETAIN_SELF = YES;
				CLANG_WARN_OBJC_LITERAL_CONVERSION = YES;
				CLANG_WARN_OBJC_ROOT_CLASS = YES_ERROR;
				CLANG_WARN_RANGE_LOOP_ANALYSIS = YES;
				CLANG_WARN_STRICT_PROTOTYPES = YES;
				CLANG_WARN_SUSPICIOUS_MOVE = YES;
				CLANG_WARN_UNGUARDED_AVAILABILITY = YES_AGGRESSIVE;
				CLANG_WARN_UNREACHABLE_CODE = YES;
				CLANG_WARN__DUPLICATE_METHOD_MATCH = YES;
				COPY_PHASE_STRIP = NO;
				DEBUG_INFORMATION_FORMAT = "dwarf-with-dsym";
				ENABLE_NS_ASSERTIONS = NO;
				ENABLE_STRICT_OBJC_MSGSEND = YES;
				GCC_C_LANGUAGE_STANDARD = gnu11;
				GCC_NO_COMMON_BLOCKS = YES;
				GCC_WARN_64_TO_32_BIT_CONVERSION = YES;
				GCC_WARN_ABOUT_RETURN_TYPE = YES_ERROR;
				GCC_WARN_UNDECLARED_SELECTOR = YES;
				GCC_WARN_UNINITIALIZED_AUTOS = YES_AGGRESSIVE;
				GCC_WARN_UNUSED_FUNCTION = YES;
				GCC_WARN_UNUSED_VARIABLE = YES;
				MACOSX_DEPLOYMENT_TARGET = 10.15;
				MTL_ENABLE_DEBUG_INFO = NO;
				MTL_FAST_MATH = YES;
				SDKROOT = macosx;
			};
			name = Release;
		};
		22E73AEC24B8ABA40021DB56 /* Debug */ = {
			isa = XCBuildConfiguration;
			baseConfigurationReference = 840640D03C312F56A1F4FA2D /* Pods-ElementColumn.debug.xcconfig */;
			buildSettings = {
				ASSETCATALOG_COMPILER_APPICON_NAME = AppIcon;
				CODE_SIGN_ENTITLEMENTS = ElementColumn/ElementColumn.entitlements;
				CODE_SIGN_STYLE = Automatic;
				COMBINE_HIDPI_IMAGES = YES;
				DEVELOPMENT_TEAM = GURSNXXGQK;
				ENABLE_HARDENED_RUNTIME = YES;
				GCC_WARN_ABOUT_DEPRECATED_FUNCTIONS = NO;
				INFOPLIST_FILE = ElementColumn/Info.plist;
				LD_RUNPATH_SEARCH_PATHS = (
					"$(inherited)",
					"@executable_path/../Frameworks",
				);
				PRODUCT_BUNDLE_IDENTIFIER = CharlesCanpany.ElementColumn;
				PRODUCT_NAME = "$(TARGET_NAME)";
			};
			name = Debug;
		};
		22E73AED24B8ABA40021DB56 /* Release */ = {
			isa = XCBuildConfiguration;
			baseConfigurationReference = 82E4763564933F03FBB00699 /* Pods-ElementColumn.release.xcconfig */;
			buildSettings = {
				ASSETCATALOG_COMPILER_APPICON_NAME = AppIcon;
				CODE_SIGN_ENTITLEMENTS = ElementColumn/ElementColumn.entitlements;
				CODE_SIGN_STYLE = Automatic;
				COMBINE_HIDPI_IMAGES = YES;
				DEVELOPMENT_TEAM = GURSNXXGQK;
				ENABLE_HARDENED_RUNTIME = YES;
				GCC_WARN_ABOUT_DEPRECATED_FUNCTIONS = NO;
				INFOPLIST_FILE = ElementColumn/Info.plist;
				LD_RUNPATH_SEARCH_PATHS = (
					"$(inherited)",
					"@executable_path/../Frameworks",
				);
				PRODUCT_BUNDLE_IDENTIFIER = CharlesCanpany.ElementColumn;
				PRODUCT_NAME = "$(TARGET_NAME)";
			};
			name = Release;
		};
/* End XCBuildConfiguration section */

/* Begin XCConfigurationList section */
		22E73AD224B8AB9D0021DB56 /* Build configuration list for PBXProject "ElementColumn" */ = {
			isa = XCConfigurationList;
			buildConfigurations = (
				22E73AE924B8ABA40021DB56 /* Debug */,
				22E73AEA24B8ABA40021DB56 /* Release */,
			);
			defaultConfigurationIsVisible = 0;
			defaultConfigurationName = Release;
		};
		22E73AEB24B8ABA40021DB56 /* Build configuration list for PBXNativeTarget "ElementColumn" */ = {
			isa = XCConfigurationList;
			buildConfigurations = (
				22E73AEC24B8ABA40021DB56 /* Debug */,
				22E73AED24B8ABA40021DB56 /* Release */,
			);
			defaultConfigurationIsVisible = 0;
			defaultConfigurationName = Release;
		};
/* End XCConfigurationList section */
	};
	rootObject = 22E73ACF24B8AB9D0021DB56 /* Project object */;
}
